
Microsoft Visual Studio Solution File, Format Version 12.00
# Visual Studio Version 17
VisualStudioVersion = 17.1.32407.343
MinimumVisualStudioVersion = 10.0.40219.1
Project("{2150E333-8FDC-42A3-9474-1A3956D46DE8}") = "Core", "Core", "{5BA92036-74E0-47D0-8BAB-4DD7B2F90A89}"
EndProject
Project("{2150E333-8FDC-42A3-9474-1A3956D46DE8}") = "Infrastrucuture", "Infrastrucuture", "{5AFC183E-A277-4698-BC5D-8F3084EF850B}"
EndProject
Project("{2150E333-8FDC-42A3-9474-1A3956D46DE8}") = "Presentation", "Presentation", "{BC1B47AC-F8D4-4A87-A292-DA57A5BDF282}"
EndProject
Project("{FAE04EC0-301F-11D3-BF4B-00C04F79EFBC}") = "Domain", "Domain\Domain.csproj", "{335F90C2-0766-4418-9437-542C396D1399}"
EndProject
Project("{FAE04EC0-301F-11D3-BF4B-00C04F79EFBC}") = "Application", "Application\Application.csproj", "{F10E9A3C-1ABF-4075-9020-9C939CB76BB3}"
EndProject
Project("{FAE04EC0-301F-11D3-BF4B-00C04F79EFBC}") = "Persistence", "Persistence\Persistence.csproj", "{9D2B11D9-3128-437F-B911-D2B6263B060D}"
EndProject
Project("{FAE04EC0-301F-11D3-BF4B-00C04F79EFBC}") = "WebApi", "WebApi\WebApi.csproj", "{9D0A0E7C-27DA-4575-BEBE-46DA02AF02E7}"
EndProject
Global
	GlobalSection(SolutionConfigurationPlatforms) = preSolution
		Debug|Any CPU = Debug|Any CPU
		Release|Any CPU = Release|Any CPU
	EndGlobalSection
	GlobalSection(ProjectConfigurationPlatforms) = postSolution
		{335F90C2-0766-4418-9437-542C396D1399}.Debug|Any CPU.ActiveCfg = Debug|Any CPU
		{335F90C2-0766-4418-9437-542C396D1399}.Debug|Any CPU.Build.0 = Debug|Any CPU
		{335F90C2-0766-4418-9437-542C396D1399}.Release|Any CPU.ActiveCfg = Release|Any CPU
		{335F90C2-0766-4418-9437-542C396D1399}.Release|Any CPU.Build.0 = Release|Any CPU
		{F10E9A3C-1ABF-4075-9020-9C939CB76BB3}.Debug|Any CPU.ActiveCfg = Debug|Any CPU
		{F10E9A3C-1ABF-4075-9020-9C939CB76BB3}.Debug|Any CPU.Build.0 = Debug|Any CPU
		{F10E9A3C-1ABF-4075-9020-9C939CB76BB3}.Release|Any CPU.ActiveCfg = Release|Any CPU
		{F10E9A3C-1ABF-4075-9020-9C939CB76BB3}.Release|Any CPU.Build.0 = Release|Any CPU
		{9D2B11D9-3128-437F-B911-D2B6263B060D}.Debug|Any CPU.ActiveCfg = Debug|Any CPU
		{9D2B11D9-3128-437F-B911-D2B6263B060D}.Debug|Any CPU.Build.0 = Debug|Any CPU
		{9D2B11D9-3128-437F-B911-D2B6263B060D}.Release|Any CPU.ActiveCfg = Release|Any CPU
		{9D2B11D9-3128-437F-B911-D2B6263B060D}.Release|Any CPU.Build.0 = Release|Any CPU
		{9D0A0E7C-27DA-4575-BEBE-46DA02AF02E7}.Debug|Any CPU.ActiveCfg = Debug|Any CPU
		{9D0A0E7C-27DA-4575-BEBE-46DA02AF02E7}.Debug|Any CPU.Build.0 = Debug|Any CPU
		{9D0A0E7C-27DA-4575-BEBE-46DA02AF02E7}.Release|Any CPU.ActiveCfg = Release|Any CPU
		{9D0A0E7C-27DA-4575-BEBE-46DA02AF02E7}.Release|Any CPU.Build.0 = Release|Any CPU
	EndGlobalSection
	GlobalSection(SolutionProperties) = preSolution
		HideSolutionNode = FALSE
	EndGlobalSection
	GlobalSection(NestedProjects) = preSolution
		{335F90C2-0766-4418-9437-542C396D1399} = {5BA92036-74E0-47D0-8BAB-4DD7B2F90A89}
		{F10E9A3C-1ABF-4075-9020-9C939CB76BB3} = {5BA92036-74E0-47D0-8BAB-4DD7B2F90A89}
		{9D2B11D9-3128-437F-B911-D2B6263B060D} = {5AFC183E-A277-4698-BC5D-8F3084EF850B}
		{9D0A0E7C-27DA-4575-BEBE-46DA02AF02E7} = {BC1B47AC-F8D4-4A87-A292-DA57A5BDF282}
	EndGlobalSection
	GlobalSection(ExtensibilityGlobals) = postSolution
		SolutionGuid = {5CE222D8-15E9-476A-B2B1-CF7299234734}
	EndGlobalSection
EndGlobal
